
Microsoft Visual Studio Solution File, Format Version 12.00
# Visual Studio Version 17
VisualStudioVersion = 17.12.35527.113 d17.12
MinimumVisualStudioVersion = 10.0.40219.1
Project("{FAE04EC0-301F-11D3-BF4B-00C04F79EFBC}") = "Contracting.Domain", "Contracting\Contracting.Domain.csproj", "{B0E14F6D-80ED-44DF-8E50-F5678659EA4F}"
EndProject
Project("{FAE04EC0-301F-11D3-BF4B-00C04F79EFBC}") = "Contracting.Application", "Contragting.Application\Contracting.Application.csproj", "{47147796-B142-43F0-B8E1-74FCD4953252}"
EndProject
Project("{FAE04EC0-301F-11D3-BF4B-00C04F79EFBC}") = "Contracting.Infrastructure", "Contracting.Infrastructure\Contracting.Infrastructure.csproj", "{36B04D0A-BF65-451E-9E17-87AD68D805DC}"
EndProject
Project("{FAE04EC0-301F-11D3-BF4B-00C04F79EFBC}") = "Contracting.WebApi", "Contracting.WebApi\Contracting.WebApi.csproj", "{A37CE9C0-DF4E-4BB4-AA0C-077AFDFF019B}"
EndProject
Global
	GlobalSection(SolutionConfigurationPlatforms) = preSolution
		Debug|Any CPU = Debug|Any CPU
		Release|Any CPU = Release|Any CPU
	EndGlobalSection
	GlobalSection(ProjectConfigurationPlatforms) = postSolution
		{B0E14F6D-80ED-44DF-8E50-F5678659EA4F}.Debug|Any CPU.ActiveCfg = Debug|Any CPU
		{B0E14F6D-80ED-44DF-8E50-F5678659EA4F}.Debug|Any CPU.Build.0 = Debug|Any CPU
		{B0E14F6D-80ED-44DF-8E50-F5678659EA4F}.Release|Any CPU.ActiveCfg = Release|Any CPU
		{B0E14F6D-80ED-44DF-8E50-F5678659EA4F}.Release|Any CPU.Build.0 = Release|Any CPU
		{47147796-B142-43F0-B8E1-74FCD4953252}.Debug|Any CPU.ActiveCfg = Debug|Any CPU
		{47147796-B142-43F0-B8E1-74FCD4953252}.Debug|Any CPU.Build.0 = Debug|Any CPU
		{47147796-B142-43F0-B8E1-74FCD4953252}.Release|Any CPU.ActiveCfg = Release|Any CPU
		{47147796-B142-43F0-B8E1-74FCD4953252}.Release|Any CPU.Build.0 = Release|Any CPU
		{36B04D0A-BF65-451E-9E17-87AD68D805DC}.Debug|Any CPU.ActiveCfg = Debug|Any CPU
		{36B04D0A-BF65-451E-9E17-87AD68D805DC}.Debug|Any CPU.Build.0 = Debug|Any CPU
		{36B04D0A-BF65-451E-9E17-87AD68D805DC}.Release|Any CPU.ActiveCfg = Release|Any CPU
		{36B04D0A-BF65-451E-9E17-87AD68D805DC}.Release|Any CPU.Build.0 = Release|Any CPU
		{A37CE9C0-DF4E-4BB4-AA0C-077AFDFF019B}.Debug|Any CPU.ActiveCfg = Debug|Any CPU
		{A37CE9C0-DF4E-4BB4-AA0C-077AFDFF019B}.Debug|Any CPU.Build.0 = Debug|Any CPU
		{A37CE9C0-DF4E-4BB4-AA0C-077AFDFF019B}.Release|Any CPU.ActiveCfg = Release|Any CPU
		{A37CE9C0-DF4E-4BB4-AA0C-077AFDFF019B}.Release|Any CPU.Build.0 = Release|Any CPU
	EndGlobalSection
	GlobalSection(SolutionProperties) = preSolution
		HideSolutionNode = FALSE
	EndGlobalSection
EndGlobal
